
Microsoft Visual Studio Solution File, Format Version 12.00
# Visual Studio Version 17
VisualStudioVersion = 17.8.34330.188
MinimumVisualStudioVersion = 10.0.40219.1
Project("{9A19103F-16F7-4668-BE54-9A1E7A4F7556}") = "NeveraPortal.DAL", "NeveraPortal.DAL\NeveraPortal.DAL.csproj", "{71DA2081-1AA4-41E6-A82B-1BC8B430D0F6}"
EndProject
Project("{9A19103F-16F7-4668-BE54-9A1E7A4F7556}") = "NeveraPortal.BLL", "NeveraPortal.BLL\NeveraPortal.BLL.csproj", "{4937BA5A-2AD1-47CA-9F63-BF2938E41D5E}"
EndProject
Project("{9A19103F-16F7-4668-BE54-9A1E7A4F7556}") = "NeveraPortal.UI", "NeveraPortal.UI\NeveraPortal.UI.csproj", "{20FEA43D-36F3-4C42-BDE7-EDA05BC36E34}"
EndProject
Global
	GlobalSection(SolutionConfigurationPlatforms) = preSolution
		Debug|Any CPU = Debug|Any CPU
		Release|Any CPU = Release|Any CPU
	EndGlobalSection
	GlobalSection(ProjectConfigurationPlatforms) = postSolution
		{71DA2081-1AA4-41E6-A82B-1BC8B430D0F6}.Debug|Any CPU.ActiveCfg = Debug|Any CPU
		{71DA2081-1AA4-41E6-A82B-1BC8B430D0F6}.Debug|Any CPU.Build.0 = Debug|Any CPU
		{71DA2081-1AA4-41E6-A82B-1BC8B430D0F6}.Release|Any CPU.ActiveCfg = Release|Any CPU
		{71DA2081-1AA4-41E6-A82B-1BC8B430D0F6}.Release|Any CPU.Build.0 = Release|Any CPU
		{4937BA5A-2AD1-47CA-9F63-BF2938E41D5E}.Debug|Any CPU.ActiveCfg = Debug|Any CPU
		{4937BA5A-2AD1-47CA-9F63-BF2938E41D5E}.Debug|Any CPU.Build.0 = Debug|Any CPU
		{4937BA5A-2AD1-47CA-9F63-BF2938E41D5E}.Release|Any CPU.ActiveCfg = Release|Any CPU
		{4937BA5A-2AD1-47CA-9F63-BF2938E41D5E}.Release|Any CPU.Build.0 = Release|Any CPU
		{20FEA43D-36F3-4C42-BDE7-EDA05BC36E34}.Debug|Any CPU.ActiveCfg = Debug|Any CPU
		{20FEA43D-36F3-4C42-BDE7-EDA05BC36E34}.Debug|Any CPU.Build.0 = Debug|Any CPU
		{20FEA43D-36F3-4C42-BDE7-EDA05BC36E34}.Release|Any CPU.ActiveCfg = Release|Any CPU
		{20FEA43D-36F3-4C42-BDE7-EDA05BC36E34}.Release|Any CPU.Build.0 = Release|Any CPU
	EndGlobalSection
	GlobalSection(SolutionProperties) = preSolution
		HideSolutionNode = FALSE
	EndGlobalSection
	GlobalSection(ExtensibilityGlobals) = postSolution
		SolutionGuid = {0AF85296-527E-402A-BA7B-92E169297A06}
	EndGlobalSection
EndGlobal
